
Microsoft Visual Studio Solution File, Format Version 12.00
# Visual Studio 15
VisualStudioVersion = 15.0.27428.2037
MinimumVisualStudioVersion = 10.0.40219.1
Project("{FAE04EC0-301F-11D3-BF4B-00C04F79EFBC}") = "AllcomElectric", "AllcomElectric\AllcomElectric.csproj", "{B9924E8A-A8C2-44FC-A573-48CF2DAD5282}"
EndProject
Global
	GlobalSection(SolutionConfigurationPlatforms) = preSolution
		Debug|Any CPU = Debug|Any CPU
		Release|Any CPU = Release|Any CPU
	EndGlobalSection
	GlobalSection(ProjectConfigurationPlatforms) = postSolution
		{B9924E8A-A8C2-44FC-A573-48CF2DAD5282}.Debug|Any CPU.ActiveCfg = Debug|Any CPU
		{B9924E8A-A8C2-44FC-A573-48CF2DAD5282}.Debug|Any CPU.Build.0 = Debug|Any CPU
		{B9924E8A-A8C2-44FC-A573-48CF2DAD5282}.Release|Any CPU.ActiveCfg = Release|Any CPU
		{B9924E8A-A8C2-44FC-A573-48CF2DAD5282}.Release|Any CPU.Build.0 = Release|Any CPU
	EndGlobalSection
	GlobalSection(SolutionProperties) = preSolution
		HideSolutionNode = FALSE
	EndGlobalSection
	GlobalSection(ExtensibilityGlobals) = postSolution
		SolutionGuid = {B978000D-84BA-4A77-9A00-E22677B93BA9}
	EndGlobalSection
EndGlobal
